
Microsoft Visual Studio Solution File, Format Version 12.00
# Visual Studio 15
VisualStudioVersion = 15.0.28307.1145
MinimumVisualStudioVersion = 10.0.40219.1
Project("{FAE04EC0-301F-11D3-BF4B-00C04F79EFBC}") = "UnitTestProject", "UnitTestProject\UnitTestProject.csproj", "{99C8A146-3828-469C-9926-69B91A50CABB}"
EndProject
Project("{FAE04EC0-301F-11D3-BF4B-00C04F79EFBC}") = "ClassBusinessRule", "ClassLibrary1\ClassBusinessRule.csproj", "{D7B5351C-0A85-4A13-9B04-418AEA06D398}"
EndProject
Global
	GlobalSection(SolutionConfigurationPlatforms) = preSolution
		Debug|Any CPU = Debug|Any CPU
		Release|Any CPU = Release|Any CPU
	EndGlobalSection
	GlobalSection(ProjectConfigurationPlatforms) = postSolution
		{99C8A146-3828-469C-9926-69B91A50CABB}.Debug|Any CPU.ActiveCfg = Debug|Any CPU
		{99C8A146-3828-469C-9926-69B91A50CABB}.Debug|Any CPU.Build.0 = Debug|Any CPU
		{99C8A146-3828-469C-9926-69B91A50CABB}.Release|Any CPU.ActiveCfg = Release|Any CPU
		{99C8A146-3828-469C-9926-69B91A50CABB}.Release|Any CPU.Build.0 = Release|Any CPU
		{D7B5351C-0A85-4A13-9B04-418AEA06D398}.Debug|Any CPU.ActiveCfg = Debug|Any CPU
		{D7B5351C-0A85-4A13-9B04-418AEA06D398}.Debug|Any CPU.Build.0 = Debug|Any CPU
		{D7B5351C-0A85-4A13-9B04-418AEA06D398}.Release|Any CPU.ActiveCfg = Release|Any CPU
		{D7B5351C-0A85-4A13-9B04-418AEA06D398}.Release|Any CPU.Build.0 = Release|Any CPU
	EndGlobalSection
	GlobalSection(SolutionProperties) = preSolution
		HideSolutionNode = FALSE
	EndGlobalSection
	GlobalSection(ExtensibilityGlobals) = postSolution
		SolutionGuid = {0C26F1AA-EC71-4D24-8380-598B38ACC14D}
	EndGlobalSection
EndGlobal
